// !$*UTF8*$!
{
	archiveVersion = 1;
	classes = {
	};
	objectVersion = 77;
	objects = {

/* Begin PBXGroup section */
		67C1F21A2CD12CAF00FCFB0C = {
			isa = PBXGroup;
			children = (
			);
			sourceTree = "<group>";
		};
/* End PBXGroup section */

/* Begin PBXProject section */
		67C1F21B2CD12CAF00FCFB0C /* Project object */ = {
			isa = PBXProject;
			attributes = {
				BuildIndependentTargetsInParallel = 1;
				LastUpgradeCheck = 1600;
			};
			buildConfigurationList = 67C1F21E2CD12CAF00FCFB0C /* Build configuration list for PBXProject "bubble_sort" */;
			developmentRegion = en;
			hasScannedForEncodings = 0;
			knownRegions = (
				en,
				Base,
			);
			mainGroup = 67C1F21A2CD12CAF00FCFB0C;
			minimizedProjectReferenceProxies = 1;
			preferredProjectObjectVersion = 77;
			projectDirPath = "";
			projectRoot = "";
			targets = (
			);
		};
/* End PBXProject section */

/* Begin XCBuildConfiguration section */
		67C1F21F2CD12CAF00FCFB0C /* Debug */ = {
			isa = XCBuildConfiguration;
			buildSettings = {
			};
			name = Debug;
		};
		67C1F2202CD12CAF00FCFB0C /* Release */ = {
			isa = XCBuildConfiguration;
			buildSettings = {
			};
			name = Release;
		};
/* End XCBuildConfiguration section */

/* Begin XCConfigurationList section */
		67C1F21E2CD12CAF00FCFB0C /* Build configuration list for PBXProject "bubble_sort" */ = {
			isa = XCConfigurationList;
			buildConfigurations = (
				67C1F21F2CD12CAF00FCFB0C /* Debug */,
				67C1F2202CD12CAF00FCFB0C /* Release */,
			);
			defaultConfigurationIsVisible = 0;
			defaultConfigurationName = Release;
		};
/* End XCConfigurationList section */
	};
	rootObject = 67C1F21B2CD12CAF00FCFB0C /* Project object */;
}
